// !$*UTF8*$!
{
	archiveVersion = 1;
	classes = {
	};
	objectVersion = 77;
	objects = {

/* Begin PBXContainerItemProxy section */
		7624DB3F2E8FD3FA0057CF62 /* PBXContainerItemProxy */ = {
			isa = PBXContainerItemProxy;
			containerPortal = 7624DB202E8FD3F90057CF62 /* Project object */;
			proxyType = 1;
			remoteGlobalIDString = 7624DB272E8FD3F90057CF62;
			remoteInfo = "MVVM-DemoApp";
		};
		7624DB492E8FD3FA0057CF62 /* PBXContainerItemProxy */ = {
			isa = PBXContainerItemProxy;
			containerPortal = 7624DB202E8FD3F90057CF62 /* Project object */;
			proxyType = 1;
			remoteGlobalIDString = 7624DB272E8FD3F90057CF62;
			remoteInfo = "MVVM-DemoApp";
		};
/* End PBXContainerItemProxy section */

/* Begin PBXFileReference section */
		7624DB282E8FD3F90057CF62 /* MVVM-DemoApp.app */ = {isa = PBXFileReference; explicitFileType = wrapper.application; includeInIndex = 0; path = "MVVM-DemoApp.app"; sourceTree = BUILT_PRODUCTS_DIR; };
		7624DB3E2E8FD3FA0057CF62 /* MVVM-DemoAppTests.xctest */ = {isa = PBXFileReference; explicitFileType = wrapper.cfbundle; includeInIndex = 0; path = "MVVM-DemoAppTests.xctest"; sourceTree = BUILT_PRODUCTS_DIR; };
		7624DB482E8FD3FA0057CF62 /* MVVM-DemoAppUITests.xctest */ = {isa = PBXFileReference; explicitFileType = wrapper.cfbundle; includeInIndex = 0; path = "MVVM-DemoAppUITests.xctest"; sourceTree = BUILT_PRODUCTS_DIR; };
/* End PBXFileReference section */

/* Begin PBXFileSystemSynchronizedBuildFileExceptionSet section */
		7624DB502E8FD3FA0057CF62 /* Exceptions for "MVVM-DemoApp" folder in "MVVM-DemoApp" target */ = {
			isa = PBXFileSystemSynchronizedBuildFileExceptionSet;
			membershipExceptions = (
				Resources/Info.plist,
			);
			target = 7624DB272E8FD3F90057CF62 /* MVVM-DemoApp */;
		};
/* End PBXFileSystemSynchronizedBuildFileExceptionSet section */

/* Begin PBXFileSystemSynchronizedRootGroup section */
		7624DB2A2E8FD3F90057CF62 /* MVVM-DemoApp */ = {
			isa = PBXFileSystemSynchronizedRootGroup;
			exceptions = (
				7624DB502E8FD3FA0057CF62 /* Exceptions for "MVVM-DemoApp" folder in "MVVM-DemoApp" target */,
			);
			path = "MVVM-DemoApp";
			sourceTree = "<group>";
		};
		7624DB412E8FD3FA0057CF62 /* MVVM-DemoAppTests */ = {
			isa = PBXFileSystemSynchronizedRootGroup;
			path = "MVVM-DemoAppTests";
			sourceTree = "<group>";
		};
		7624DB4B2E8FD3FA0057CF62 /* MVVM-DemoAppUITests */ = {
			isa = PBXFileSystemSynchronizedRootGroup;
			path = "MVVM-DemoAppUITests";
			sourceTree = "<group>";
		};
/* End PBXFileSystemSynchronizedRootGroup section */

/* Begin PBXFrameworksBuildPhase section */
		7624DB252E8FD3F90057CF62 /* Frameworks */ = {
			isa = PBXFrameworksBuildPhase;
			buildActionMask = 2147483647;
			files = (
			);
			runOnlyForDeploymentPostprocessing = 0;
		};
		7624DB3B2E8FD3FA0057CF62 /* Frameworks */ = {
			isa = PBXFrameworksBuildPhase;
			buildActionMask = 2147483647;
			files = (
			);
			runOnlyForDeploymentPostprocessing = 0;
		};
		7624DB452E8FD3FA0057CF62 /* Frameworks */ = {
			isa = PBXFrameworksBuildPhase;
			buildActionMask = 2147483647;
			files = (
			);
			runOnlyForDeploymentPostprocessing = 0;
		};
/* End PBXFrameworksBuildPhase section */

/* Begin PBXGroup section */
		7624DB1F2E8FD3F90057CF62 = {
			isa = PBXGroup;
			children = (
				7624DB2A2E8FD3F90057CF62 /* MVVM-DemoApp */,
				7624DB412E8FD3FA0057CF62 /* MVVM-DemoAppTests */,
				7624DB4B2E8FD3FA0057CF62 /* MVVM-DemoAppUITests */,
				7624DB292E8FD3F90057CF62 /* Products */,
			);
			sourceTree = "<group>";
		};
		7624DB292E8FD3F90057CF62 /* Products */ = {
			isa = PBXGroup;
			children = (
				7624DB282E8FD3F90057CF62 /* MVVM-DemoApp.app */,
				7624DB3E2E8FD3FA0057CF62 /* MVVM-DemoAppTests.xctest */,
				7624DB482E8FD3FA0057CF62 /* MVVM-DemoAppUITests.xctest */,
			);
			name = Products;
			sourceTree = "<group>";
		};
/* End PBXGroup section */

/* Begin PBXNativeTarget section */
		7624DB272E8FD3F90057CF62 /* MVVM-DemoApp */ = {
			isa = PBXNativeTarget;
			buildConfigurationList = 7624DB512E8FD3FA0057CF62 /* Build configuration list for PBXNativeTarget "MVVM-DemoApp" */;
			buildPhases = (
				7624DB242E8FD3F90057CF62 /* Sources */,
				7624DB252E8FD3F90057CF62 /* Frameworks */,
				7624DB262E8FD3F90057CF62 /* Resources */,
			);
			buildRules = (
			);
			dependencies = (
			);
			fileSystemSynchronizedGroups = (
				7624DB2A2E8FD3F90057CF62 /* MVVM-DemoApp */,
			);
			name = "MVVM-DemoApp";
			packageProductDependencies = (
			);
			productName = "MVVM-DemoApp";
			productReference = 7624DB282E8FD3F90057CF62 /* MVVM-DemoApp.app */;
			productType = "com.apple.product-type.application";
		};
		7624DB3D2E8FD3FA0057CF62 /* MVVM-DemoAppTests */ = {
			isa = PBXNativeTarget;
			buildConfigurationList = 7624DB562E8FD3FA0057CF62 /* Build configuration list for PBXNativeTarget "MVVM-DemoAppTests" */;
			buildPhases = (
				7624DB3A2E8FD3FA0057CF62 /* Sources */,
				7624DB3B2E8FD3FA0057CF62 /* Frameworks */,
				7624DB3C2E8FD3FA0057CF62 /* Resources */,
			);
			buildRules = (
			);
			dependencies = (
				7624DB402E8FD3FA0057CF62 /* PBXTargetDependency */,
			);
			fileSystemSynchronizedGroups = (
				7624DB412E8FD3FA0057CF62 /* MVVM-DemoAppTests */,
			);
			name = "MVVM-DemoAppTests";
			packageProductDependencies = (
			);
			productName = "MVVM-DemoAppTests";
			productReference = 7624DB3E2E8FD3FA0057CF62 /* MVVM-DemoAppTests.xctest */;
			productType = "com.apple.product-type.bundle.unit-test";
		};
		7624DB472E8FD3FA0057CF62 /* MVVM-DemoAppUITests */ = {
			isa = PBXNativeTarget;
			buildConfigurationList = 7624DB592E8FD3FA0057CF62 /* Build configuration list for PBXNativeTarget "MVVM-DemoAppUITests" */;
			buildPhases = (
				7624DB442E8FD3FA0057CF62 /* Sources */,
				7624DB452E8FD3FA0057CF62 /* Frameworks */,
				7624DB462E8FD3FA0057CF62 /* Resources */,
			);
			buildRules = (
			);
			dependencies = (
				7624DB4A2E8FD3FA0057CF62 /* PBXTargetDependency */,
			);
			fileSystemSynchronizedGroups = (
				7624DB4B2E8FD3FA0057CF62 /* MVVM-DemoAppUITests */,
			);
			name = "MVVM-DemoAppUITests";
			packageProductDependencies = (
			);
			productName = "MVVM-DemoAppUITests";
			productReference = 7624DB482E8FD3FA0057CF62 /* MVVM-DemoAppUITests.xctest */;
			productType = "com.apple.product-type.bundle.ui-testing";
		};
/* End PBXNativeTarget section */

/* Begin PBXProject section */
		7624DB202E8FD3F90057CF62 /* Project object */ = {
			isa = PBXProject;
			attributes = {
				BuildIndependentTargetsInParallel = 1;
				LastSwiftUpdateCheck = 1640;
				LastUpgradeCheck = 1640;
				TargetAttributes = {
					7624DB272E8FD3F90057CF62 = {
						CreatedOnToolsVersion = 16.4;
					};
					7624DB3D2E8FD3FA0057CF62 = {
						CreatedOnToolsVersion = 16.4;
						TestTargetID = 7624DB272E8FD3F90057CF62;
					};
					7624DB472E8FD3FA0057CF62 = {
						CreatedOnToolsVersion = 16.4;
						TestTargetID = 7624DB272E8FD3F90057CF62;
					};
				};
			};
			buildConfigurationList = 7624DB232E8FD3F90057CF62 /* Build configuration list for PBXProject "MVVM-DemoApp" */;
			developmentRegion = en;
			hasScannedForEncodings = 0;
			knownRegions = (
				en,
				Base,
			);
			mainGroup = 7624DB1F2E8FD3F90057CF62;
			minimizedProjectReferenceProxies = 1;
			preferredProjectObjectVersion = 77;
			productRefGroup = 7624DB292E8FD3F90057CF62 /* Products */;
			projectDirPath = "";
			projectRoot = "";
			targets = (
				7624DB272E8FD3F90057CF62 /* MVVM-DemoApp */,
				7624DB3D2E8FD3FA0057CF62 /* MVVM-DemoAppTests */,
				7624DB472E8FD3FA0057CF62 /* MVVM-DemoAppUITests */,
			);
		};
/* End PBXProject section */

/* Begin PBXResourcesBuildPhase section */
		7624DB262E8FD3F90057CF62 /* Resources */ = {
			isa = PBXResourcesBuildPhase;
			buildActionMask = 2147483647;
			files = (
			);
			runOnlyForDeploymentPostprocessing = 0;
		};
		7624DB3C2E8FD3FA0057CF62 /* Resources */ = {
			isa = PBXResourcesBuildPhase;
			buildActionMask = 2147483647;
			files = (
			);
			runOnlyForDeploymentPostprocessing = 0;
		};
		7624DB462E8FD3FA0057CF62 /* Resources */ = {
			isa = PBXResourcesBuildPhase;
			buildActionMask = 2147483647;
			files = (
			);
			runOnlyForDeploymentPostprocessing = 0;
		};
/* End PBXResourcesBuildPhase section */

/* Begin PBXSourcesBuildPhase section */
		7624DB242E8FD3F90057CF62 /* Sources */ = {
			isa = PBXSourcesBuildPhase;
			buildActionMask = 2147483647;
			files = (
			);
			runOnlyForDeploymentPostprocessing = 0;
		};
		7624DB3A2E8FD3FA0057CF62 /* Sources */ = {
			isa = PBXSourcesBuildPhase;
			buildActionMask = 2147483647;
			files = (
			);
			runOnlyForDeploymentPostprocessing = 0;
		};
		7624DB442E8FD3FA0057CF62 /* Sources */ = {
			isa = PBXSourcesBuildPhase;
			buildActionMask = 2147483647;
			files = (
			);
			runOnlyForDeploymentPostprocessing = 0;
		};
/* End PBXSourcesBuildPhase section */

/* Begin PBXTargetDependency section */
		7624DB402E8FD3FA0057CF62 /* PBXTargetDependency */ = {
			isa = PBXTargetDependency;
			target = 7624DB272E8FD3F90057CF62 /* MVVM-DemoApp */;
			targetProxy = 7624DB3F2E8FD3FA0057CF62 /* PBXContainerItemProxy */;
		};
		7624DB4A2E8FD3FA0057CF62 /* PBXTargetDependency */ = {
			isa = PBXTargetDependency;
			target = 7624DB272E8FD3F90057CF62 /* MVVM-DemoApp */;
			targetProxy = 7624DB492E8FD3FA0057CF62 /* PBXContainerItemProxy */;
		};
/* End PBXTargetDependency section */

/* Begin XCBuildConfiguration section */
		7624DB522E8FD3FA0057CF62 /* Debug */ = {
			isa = XCBuildConfiguration;
			buildSettings = {
				ASSETCATALOG_COMPILER_APPICON_NAME = AppIcon;
				ASSETCATALOG_COMPILER_GLOBAL_ACCENT_COLOR_NAME = AccentColor;
				CODE_SIGN_STYLE = Automatic;
				CURRENT_PROJECT_VERSION = 1;
				DEVELOPMENT_TEAM = 58NY8AK43L;
				GENERATE_INFOPLIST_FILE = YES;
				INFOPLIST_FILE = "MVVM-DemoApp/Resources/Info.plist";
				INFOPLIST_KEY_UIApplicationSupportsIndirectInputEvents = YES;
				INFOPLIST_KEY_UILaunchStoryboardName = LaunchScreen;
				INFOPLIST_KEY_UIMainStoryboardFile = Main;
				INFOPLIST_KEY_UISupportedInterfaceOrientations_iPad = "UIInterfaceOrientationPortrait UIInterfaceOrientationPortraitUpsideDown UIInterfaceOrientationLandscapeLeft UIInterfaceOrientationLandscapeRight";
				INFOPLIST_KEY_UISupportedInterfaceOrientations_iPhone = "UIInterfaceOrientationPortrait UIInterfaceOrientationLandscapeLeft UIInterfaceOrientationLandscapeRight";
				LD_RUNPATH_SEARCH_PATHS = (
					"$(inherited)",
					"@executable_path/Frameworks",
				);
				MARKETING_VERSION = 1.0;
				PRODUCT_BUNDLE_IDENTIFIER = "gokhansal.MVVM-DemoApp";
				PRODUCT_NAME = "$(TARGET_NAME)";
				SWIFT_EMIT_LOC_STRINGS = YES;
				SWIFT_VERSION = 5.0;
				TARGETED_DEVICE_FAMILY = "1,2";
			};
			name = Debug;
		};
		7624DB532E8FD3FA0057CF62 /* Release */ = {
			isa = XCBuildConfiguration;
			buildSettings = {
				ASSETCATALOG_COMPILER_APPICON_NAME = AppIcon;
				ASSETCATALOG_COMPILER_GLOBAL_ACCENT_COLOR_NAME = AccentColor;
				CODE_SIGN_STYLE = Automatic;
				CURRENT_PROJECT_VERSION = 1;
				DEVELOPMENT_TEAM = 58NY8AK43L;
				GENERATE_INFOPLIST_FILE = YES;
				INFOPLIST_FILE = "MVVM-DemoApp/Resources/Info.plist";
				INFOPLIST_KEY_UIApplicationSupportsIndirectInputEvents = YES;
				INFOPLIST_KEY_UILaunchStoryboardName = LaunchScreen;
				INFOPLIST_KEY_UIMainStoryboardFile = Main;
				INFOPLIST_KEY_UISupportedInterfaceOrientations_iPad = "UIInterfaceOrientationPortrait UIInterfaceOrientationPortraitUpsideDown UIInterfaceOrientationLandscapeLeft UIInterfaceOrientationLandscapeRight";
				INFOPLIST_KEY_UISupportedInterfaceOrientations_iPhone = "UIInterfaceOrientationPortrait UIInterfaceOrientationLandscapeLeft UIInterfaceOrientationLandscapeRight";
				LD_RUNPATH_SEARCH_PATHS = (
					"$(inherited)",
					"@executable_path/Frameworks",
				);
				MARKETING_VERSION = 1.0;
				PRODUCT_BUNDLE_IDENTIFIER = "gokhansal.MVVM-DemoApp";
				PRODUCT_NAME = "$(TARGET_NAME)";
				SWIFT_EMIT_LOC_STRINGS = YES;
				SWIFT_VERSION = 5.0;
				TARGETED_DEVICE_FAMILY = "1,2";
			};
			name = Release;
		};
		7624DB542E8FD3FA0057CF62 /* Debug */ = {
			isa = XCBuildConfiguration;
			buildSettings = {
				ALWAYS_SEARCH_USER_PATHS = NO;
				ASSETCATALOG_COMPILER_GENERATE_SWIFT_ASSET_SYMBOL_EXTENSIONS = YES;
				CLANG_ANALYZER_NONNULL = YES;
				CLANG_ANALYZER_NUMBER_OBJECT_CONVERSION = YES_AGGRESSIVE;
				CLANG_CXX_LANGUAGE_STANDARD = "gnu++20";
				CLANG_ENABLE_MODULES = YES;
				CLANG_ENABLE_OBJC_ARC = YES;
				CLANG_ENABLE_OBJC_WEAK = YES;
				CLANG_WARN_BLOCK_CAPTURE_AUTORELEASING = YES;
				CLANG_WARN_BOOL_CONVERSION = YES;
				CLANG_WARN_COMMA = YES;
				CLANG_WARN_CONSTANT_CONVERSION = YES;
				CLANG_WARN_DEPRECATED_OBJC_IMPLEMENTATIONS = YES;
				CLANG_WARN_DIRECT_OBJC_ISA_USAGE = YES_ERROR;
				CLANG_WARN_DOCUMENTATION_COMMENTS = YES;
				CLANG_WARN_EMPTY_BODY = YES;
				CLANG_WARN_ENUM_CONVERSION = YES;
				CLANG_WARN_INFINITE_RECURSION = YES;
				CLANG_WARN_INT_CONVERSION = YES;
				CLANG_WARN_NON_LITERAL_NULL_CONVERSION = YES;
				CLANG_WARN_OBJC_IMPLICIT_RETAIN_SELF = YES;
				CLANG_WARN_OBJC_LITERAL_CONVERSION = YES;
				CLANG_WARN_OBJC_ROOT_CLASS = YES_ERROR;
				CLANG_WARN_QUOTED_INCLUDE_IN_FRAMEWORK_HEADER = YES;
				CLANG_WARN_RANGE_LOOP_ANALYSIS = YES;
				CLANG_WARN_STRICT_PROTOTYPES = YES;
				CLANG_WARN_SUSPICIOUS_MOVE = YES;
				CLANG_WARN_UNGUARDED_AVAILABILITY = YES_AGGRESSIVE;
				CLANG_WARN_UNREACHABLE_CODE = YES;
				CLANG_WARN__DUPLICATE_METHOD_MATCH = YES;
				COPY_PHASE_STRIP = NO;
				DEBUG_INFORMATION_FORMAT = dwarf;
				DEVELOPMENT_TEAM = 58NY8AK43L;
				ENABLE_STRICT_OBJC_MSGSEND = YES;
				ENABLE_TESTABILITY = YES;
				ENABLE_USER_SCRIPT_SANDBOXING = YES;
				GCC_C_LANGUAGE_STANDARD = gnu17;
				GCC_DYNAMIC_NO_PIC = NO;
				GCC_NO_COMMON_BLOCKS = YES;
				GCC_OPTIMIZATION_LEVEL = 0;
				GCC_PREPROCESSOR_DEFINITIONS = (
					"DEBUG=1",
					"$(inherited)",
				);
				GCC_WARN_64_TO_32_BIT_CONVERSION = YES;
				GCC_WARN_ABOUT_RETURN_TYPE = YES_ERROR;
				GCC_WARN_UNDECLARED_SELECTOR = YES;
				GCC_WARN_UNINITIALIZED_AUTOS = YES_AGGRESSIVE;
				GCC_WARN_UNUSED_FUNCTION = YES;
				GCC_WARN_UNUSED_VARIABLE = YES;
				IPHONEOS_DEPLOYMENT_TARGET = 18.5;
				LOCALIZATION_PREFERS_STRING_CATALOGS = YES;
				MTL_ENABLE_DEBUG_INFO = INCLUDE_SOURCE;
				MTL_FAST_MATH = YES;
				ONLY_ACTIVE_ARCH = YES;
				SDKROOT = iphoneos;
				SWIFT_ACTIVE_COMPILATION_CONDITIONS = "DEBUG $(inherited)";
				SWIFT_OPTIMIZATION_LEVEL = "-Onone";
			};
			name = Debug;
		};
		7624DB552E8FD3FA0057CF62 /* Release */ = {
			isa = XCBuildConfiguration;
			buildSettings = {
				ALWAYS_SEARCH_USER_PATHS = NO;
				ASSETCATALOG_COMPILER_GENERATE_SWIFT_ASSET_SYMBOL_EXTENSIONS = YES;
				CLANG_ANALYZER_NONNULL = YES;
				CLANG_ANALYZER_NUMBER_OBJECT_CONVERSION = YES_AGGRESSIVE;
				CLANG_CXX_LANGUAGE_STANDARD = "gnu++20";
				CLANG_ENABLE_MODULES = YES;
				CLANG_ENABLE_OBJC_ARC = YES;
				CLANG_ENABLE_OBJC_WEAK = YES;
				CLANG_WARN_BLOCK_CAPTURE_AUTORELEASING = YES;
				CLANG_WARN_BOOL_CONVERSION = YES;
				CLANG_WARN_COMMA = YES;
				CLANG_WARN_CONSTANT_CONVERSION = YES;
				CLANG_WARN_DEPRECATED_OBJC_IMPLEMENTATIONS = YES;
				CLANG_WARN_DIRECT_OBJC_ISA_USAGE = YES_ERROR;
				CLANG_WARN_DOCUMENTATION_COMMENTS = YES;
				CLANG_WARN_EMPTY_BODY = YES;
				CLANG_WARN_ENUM_CONVERSION = YES;
				CLANG_WARN_INFINITE_RECURSION = YES;
				CLANG_WARN_INT_CONVERSION = YES;
				CLANG_WARN_NON_LITERAL_NULL_CONVERSION = YES;
				CLANG_WARN_OBJC_IMPLICIT_RETAIN_SELF = YES;
				CLANG_WARN_OBJC_LITERAL_CONVERSION = YES;
				CLANG_WARN_OBJC_ROOT_CLASS = YES_ERROR;
				CLANG_WARN_QUOTED_INCLUDE_IN_FRAMEWORK_HEADER = YES;
				CLANG_WARN_RANGE_LOOP_ANALYSIS = YES;
				CLANG_WARN_STRICT_PROTOTYPES = YES;
				CLANG_WARN_SUSPICIOUS_MOVE = YES;
				CLANG_WARN_UNGUARDED_AVAILABILITY = YES_AGGRESSIVE;
				CLANG_WARN_UNREACHABLE_CODE = YES;
				CLANG_WARN__DUPLICATE_METHOD_MATCH = YES;
				COPY_PHASE_STRIP = NO;
				DEBUG_INFORMATION_FORMAT = "dwarf-with-dsym";
				DEVELOPMENT_TEAM = 58NY8AK43L;
				ENABLE_NS_ASSERTIONS = NO;
				ENABLE_STRICT_OBJC_MSGSEND = YES;
				ENABLE_USER_SCRIPT_SANDBOXING = YES;
				GCC_C_LANGUAGE_STANDARD = gnu17;
				GCC_NO_COMMON_BLOCKS = YES;
				GCC_WARN_64_TO_32_BIT_CONVERSION = YES;
				GCC_WARN_ABOUT_RETURN_TYPE = YES_ERROR;
				GCC_WARN_UNDECLARED_SELECTOR = YES;
				GCC_WARN_UNINITIALIZED_AUTOS = YES_AGGRESSIVE;
				GCC_WARN_UNUSED_FUNCTION = YES;
				GCC_WARN_UNUSED_VARIABLE = YES;
				IPHONEOS_DEPLOYMENT_TARGET = 18.5;
				LOCALIZATION_PREFERS_STRING_CATALOGS = YES;
				MTL_ENABLE_DEBUG_INFO = NO;
				MTL_FAST_MATH = YES;
				SDKROOT = iphoneos;
				SWIFT_COMPILATION_MODE = wholemodule;
				VALIDATE_PRODUCT = YES;
			};
			name = Release;
		};
		7624DB572E8FD3FA0057CF62 /* Debug */ = {
			isa = XCBuildConfiguration;
			buildSettings = {
				BUNDLE_LOADER = "$(TEST_HOST)";
				CODE_SIGN_STYLE = Automatic;
				CURRENT_PROJECT_VERSION = 1;
				DEVELOPMENT_TEAM = 58NY8AK43L;
				GENERATE_INFOPLIST_FILE = YES;
				IPHONEOS_DEPLOYMENT_TARGET = 18.5;
				MARKETING_VERSION = 1.0;
				PRODUCT_BUNDLE_IDENTIFIER = "gokhansal.MVVM-DemoAppTests";
				PRODUCT_NAME = "$(TARGET_NAME)";
				SWIFT_EMIT_LOC_STRINGS = NO;
				SWIFT_VERSION = 5.0;
				TARGETED_DEVICE_FAMILY = "1,2";
				TEST_HOST = "$(BUILT_PRODUCTS_DIR)/MVVM-DemoApp.app/$(BUNDLE_EXECUTABLE_FOLDER_PATH)/MVVM-DemoApp";
			};
			name = Debug;
		};
		7624DB582E8FD3FA0057CF62 /* Release */ = {
			isa = XCBuildConfiguration;
			buildSettings = {
				BUNDLE_LOADER = "$(TEST_HOST)";
				CODE_SIGN_STYLE = Automatic;
				CURRENT_PROJECT_VERSION = 1;
				DEVELOPMENT_TEAM = 58NY8AK43L;
				GENERATE_INFOPLIST_FILE = YES;
				IPHONEOS_DEPLOYMENT_TARGET = 18.5;
				MARKETING_VERSION = 1.0;
				PRODUCT_BUNDLE_IDENTIFIER = "gokhansal.MVVM-DemoAppTests";
				PRODUCT_NAME = "$(TARGET_NAME)";
				SWIFT_EMIT_LOC_STRINGS = NO;
				SWIFT_VERSION = 5.0;
				TARGETED_DEVICE_FAMILY = "1,2";
				TEST_HOST = "$(BUILT_PRODUCTS_DIR)/MVVM-DemoApp.app/$(BUNDLE_EXECUTABLE_FOLDER_PATH)/MVVM-DemoApp";
			};
			name = Release;
		};
		7624DB5A2E8FD3FA0057CF62 /* Debug */ = {
			isa = XCBuildConfiguration;
			buildSettings = {
				CODE_SIGN_STYLE = Automatic;
				CURRENT_PROJECT_VERSION = 1;
				DEVELOPMENT_TEAM = 58NY8AK43L;
				GENERATE_INFOPLIST_FILE = YES;
				MARKETING_VERSION = 1.0;
				PRODUCT_BUNDLE_IDENTIFIER = "gokhansal.MVVM-DemoAppUITests";
				PRODUCT_NAME = "$(TARGET_NAME)";
				SWIFT_EMIT_LOC_STRINGS = NO;
				SWIFT_VERSION = 5.0;
				TARGETED_DEVICE_FAMILY = "1,2";
				TEST_TARGET_NAME = "MVVM-DemoApp";
			};
			name = Debug;
		};
		7624DB5B2E8FD3FA0057CF62 /* Release */ = {
			isa = XCBuildConfiguration;
			buildSettings = {
				CODE_SIGN_STYLE = Automatic;
				CURRENT_PROJECT_VERSION = 1;
				DEVELOPMENT_TEAM = 58NY8AK43L;
				GENERATE_INFOPLIST_FILE = YES;
				MARKETING_VERSION = 1.0;
				PRODUCT_BUNDLE_IDENTIFIER = "gokhansal.MVVM-DemoAppUITests";
				PRODUCT_NAME = "$(TARGET_NAME)";
				SWIFT_EMIT_LOC_STRINGS = NO;
				SWIFT_VERSION = 5.0;
				TARGETED_DEVICE_FAMILY = "1,2";
				TEST_TARGET_NAME = "MVVM-DemoApp";
			};
			name = Release;
		};
/* End XCBuildConfiguration section */

/* Begin XCConfigurationList section */
		7624DB232E8FD3F90057CF62 /* Build configuration list for PBXProject "MVVM-DemoApp" */ = {
			isa = XCConfigurationList;
			buildConfigurations = (
				7624DB542E8FD3FA0057CF62 /* Debug */,
				7624DB552E8FD3FA0057CF62 /* Release */,
			);
			defaultConfigurationIsVisible = 0;
			defaultConfigurationName = Release;
		};
		7624DB512E8FD3FA0057CF62 /* Build configuration list for PBXNativeTarget "MVVM-DemoApp" */ = {
			isa = XCConfigurationList;
			buildConfigurations = (
				7624DB522E8FD3FA0057CF62 /* Debug */,
				7624DB532E8FD3FA0057CF62 /* Release */,
			);
			defaultConfigurationIsVisible = 0;
			defaultConfigurationName = Release;
		};
		7624DB562E8FD3FA0057CF62 /* Build configuration list for PBXNativeTarget "MVVM-DemoAppTests" */ = {
			isa = XCConfigurationList;
			buildConfigurations = (
				7624DB572E8FD3FA0057CF62 /* Debug */,
				7624DB582E8FD3FA0057CF62 /* Release */,
			);
			defaultConfigurationIsVisible = 0;
			defaultConfigurationName = Release;
		};
		7624DB592E8FD3FA0057CF62 /* Build configuration list for PBXNativeTarget "MVVM-DemoAppUITests" */ = {
			isa = XCConfigurationList;
			buildConfigurations = (
				7624DB5A2E8FD3FA0057CF62 /* Debug */,
				7624DB5B2E8FD3FA0057CF62 /* Release */,
			);
			defaultConfigurationIsVisible = 0;
			defaultConfigurationName = Release;
		};
/* End XCConfigurationList section */
	};
	rootObject = 7624DB202E8FD3F90057CF62 /* Project object */;
}
